
Microsoft Visual Studio Solution File, Format Version 12.00
# Visual Studio Version 17
VisualStudioVersion = 17.11.35312.102
MinimumVisualStudioVersion = 10.0.40219.1
Project("{FAE04EC0-301F-11D3-BF4B-00C04F79EFBC}") = "IntegrationTest.Specflow", "IntegrationTest.Specflow\IntegrationTest.Specflow.csproj", "{280A6DD3-7397-4E3A-9CAA-9CC0BC355B8A}"
EndProject
Global
	GlobalSection(SolutionConfigurationPlatforms) = preSolution
		Debug|Any CPU = Debug|Any CPU
		Release|Any CPU = Release|Any CPU
	EndGlobalSection
	GlobalSection(ProjectConfigurationPlatforms) = postSolution
		{280A6DD3-7397-4E3A-9CAA-9CC0BC355B8A}.Debug|Any CPU.ActiveCfg = Debug|Any CPU
		{280A6DD3-7397-4E3A-9CAA-9CC0BC355B8A}.Debug|Any CPU.Build.0 = Debug|Any CPU
		{280A6DD3-7397-4E3A-9CAA-9CC0BC355B8A}.Release|Any CPU.ActiveCfg = Release|Any CPU
		{280A6DD3-7397-4E3A-9CAA-9CC0BC355B8A}.Release|Any CPU.Build.0 = Release|Any CPU
	EndGlobalSection
	GlobalSection(SolutionProperties) = preSolution
		HideSolutionNode = FALSE
	EndGlobalSection
	GlobalSection(ExtensibilityGlobals) = postSolution
		SolutionGuid = {C7779F1D-B48E-4D33-AA36-9B5A9E549FFF}
	EndGlobalSection
EndGlobal
